// !$*UTF8*$!
{
	archiveVersion = 1;
	classes = {
	};
	objectVersion = 55;
	objects = {

/* Begin PBXBuildFile section */
		C908B4D127F515C000AA17A0 /* AppDelegate.swift in Sources */ = {isa = PBXBuildFile; fileRef = C908B4D027F515C000AA17A0 /* AppDelegate.swift */; };
		C908B4D327F515C000AA17A0 /* SceneDelegate.swift in Sources */ = {isa = PBXBuildFile; fileRef = C908B4D227F515C000AA17A0 /* SceneDelegate.swift */; };
		C908B4D527F515C000AA17A0 /* ViewController.swift in Sources */ = {isa = PBXBuildFile; fileRef = C908B4D427F515C000AA17A0 /* ViewController.swift */; };
		C908B4D827F515C000AA17A0 /* Main.storyboard in Resources */ = {isa = PBXBuildFile; fileRef = C908B4D627F515C000AA17A0 /* Main.storyboard */; };
		C908B4DA27F515C500AA17A0 /* Assets.xcassets in Resources */ = {isa = PBXBuildFile; fileRef = C908B4D927F515C500AA17A0 /* Assets.xcassets */; };
		C908B4DD27F515C500AA17A0 /* LaunchScreen.storyboard in Resources */ = {isa = PBXBuildFile; fileRef = C908B4DB27F515C500AA17A0 /* LaunchScreen.storyboard */; };
		C908B4EC27F516D600AA17A0 /* WelcomeViewController.swift in Sources */ = {isa = PBXBuildFile; fileRef = C908B4EB27F516D600AA17A0 /* WelcomeViewController.swift */; };
		C908B4F027F5174900AA17A0 /* WelcomeView.swift in Sources */ = {isa = PBXBuildFile; fileRef = C908B4EF27F5174900AA17A0 /* WelcomeView.swift */; };
		C908B4F427F51D7800AA17A0 /* CodeView.swift in Sources */ = {isa = PBXBuildFile; fileRef = C908B4F327F51D7800AA17A0 /* CodeView.swift */; };
		C908B4F827F52D9E00AA17A0 /* AppButton.swift in Sources */ = {isa = PBXBuildFile; fileRef = C908B4F727F52D9E00AA17A0 /* AppButton.swift */; };
		C908B4FA27F536DE00AA17A0 /* AppStyle.swift in Sources */ = {isa = PBXBuildFile; fileRef = C908B4F927F536DE00AA17A0 /* AppStyle.swift */; };
		C908B4FF27F541A700AA17A0 /* Localizable.strings in Resources */ = {isa = PBXBuildFile; fileRef = C908B50127F541A700AA17A0 /* Localizable.strings */; };
/* End PBXBuildFile section */

/* Begin PBXFileReference section */
		C908B4CD27F515C000AA17A0 /* ViewCode2.app */ = {isa = PBXFileReference; explicitFileType = wrapper.application; includeInIndex = 0; path = ViewCode2.app; sourceTree = BUILT_PRODUCTS_DIR; };
		C908B4D027F515C000AA17A0 /* AppDelegate.swift */ = {isa = PBXFileReference; lastKnownFileType = sourcecode.swift; path = AppDelegate.swift; sourceTree = "<group>"; };
		C908B4D227F515C000AA17A0 /* SceneDelegate.swift */ = {isa = PBXFileReference; lastKnownFileType = sourcecode.swift; path = SceneDelegate.swift; sourceTree = "<group>"; };
		C908B4D427F515C000AA17A0 /* ViewController.swift */ = {isa = PBXFileReference; lastKnownFileType = sourcecode.swift; path = ViewController.swift; sourceTree = "<group>"; };
		C908B4D727F515C000AA17A0 /* Base */ = {isa = PBXFileReference; lastKnownFileType = file.storyboard; name = Base; path = Base.lproj/Main.storyboard; sourceTree = "<group>"; };
		C908B4D927F515C500AA17A0 /* Assets.xcassets */ = {isa = PBXFileReference; lastKnownFileType = folder.assetcatalog; path = Assets.xcassets; sourceTree = "<group>"; };
		C908B4DC27F515C500AA17A0 /* Base */ = {isa = PBXFileReference; lastKnownFileType = file.storyboard; name = Base; path = Base.lproj/LaunchScreen.storyboard; sourceTree = "<group>"; };
		C908B4DE27F515C500AA17A0 /* Info.plist */ = {isa = PBXFileReference; lastKnownFileType = text.plist.xml; path = Info.plist; sourceTree = "<group>"; };
		C908B4EB27F516D600AA17A0 /* WelcomeViewController.swift */ = {isa = PBXFileReference; lastKnownFileType = sourcecode.swift; path = WelcomeViewController.swift; sourceTree = "<group>"; };
		C908B4EF27F5174900AA17A0 /* WelcomeView.swift */ = {isa = PBXFileReference; lastKnownFileType = sourcecode.swift; path = WelcomeView.swift; sourceTree = "<group>"; };
		C908B4F327F51D7800AA17A0 /* CodeView.swift */ = {isa = PBXFileReference; lastKnownFileType = sourcecode.swift; path = CodeView.swift; sourceTree = "<group>"; };
		C908B4F727F52D9E00AA17A0 /* AppButton.swift */ = {isa = PBXFileReference; lastKnownFileType = sourcecode.swift; path = AppButton.swift; sourceTree = "<group>"; };
		C908B4F927F536DE00AA17A0 /* AppStyle.swift */ = {isa = PBXFileReference; lastKnownFileType = sourcecode.swift; path = AppStyle.swift; sourceTree = "<group>"; };
		C908B4FD27F5415600AA17A0 /* pt-BR */ = {isa = PBXFileReference; lastKnownFileType = text.plist.strings; name = "pt-BR"; path = "pt-BR.lproj/Main.strings"; sourceTree = "<group>"; };
		C908B4FE27F5415700AA17A0 /* pt-BR */ = {isa = PBXFileReference; lastKnownFileType = text.plist.strings; name = "pt-BR"; path = "pt-BR.lproj/LaunchScreen.strings"; sourceTree = "<group>"; };
		C908B50027F541A700AA17A0 /* en */ = {isa = PBXFileReference; lastKnownFileType = text.plist.strings; name = en; path = en.lproj/Localizable.strings; sourceTree = "<group>"; };
		C908B50227F541BD00AA17A0 /* pt-BR */ = {isa = PBXFileReference; lastKnownFileType = text.plist.strings; name = "pt-BR"; path = "pt-BR.lproj/Localizable.strings"; sourceTree = "<group>"; };
		C9F03708285C26FB0063B355 /* README.md */ = {isa = PBXFileReference; lastKnownFileType = net.daringfireball.markdown; path = README.md; sourceTree = "<group>"; };
/* End PBXFileReference section */

/* Begin PBXFrameworksBuildPhase section */
		C908B4CA27F515C000AA17A0 /* Frameworks */ = {
			isa = PBXFrameworksBuildPhase;
			buildActionMask = 2147483647;
			files = (
			);
			runOnlyForDeploymentPostprocessing = 0;
		};
/* End PBXFrameworksBuildPhase section */

/* Begin PBXGroup section */
		C908B4C427F515C000AA17A0 = {
			isa = PBXGroup;
			children = (
				C9F03708285C26FB0063B355 /* README.md */,
				C908B4CF27F515C000AA17A0 /* ViewCode2 */,
				C908B4CE27F515C000AA17A0 /* Products */,
			);
			sourceTree = "<group>";
		};
		C908B4CE27F515C000AA17A0 /* Products */ = {
			isa = PBXGroup;
			children = (
				C908B4CD27F515C000AA17A0 /* ViewCode2.app */,
			);
			name = Products;
			sourceTree = "<group>";
		};
		C908B4CF27F515C000AA17A0 /* ViewCode2 */ = {
			isa = PBXGroup;
			children = (
				C908B4F127F51D4200AA17A0 /* Shared */,
				C908B4E427F5165600AA17A0 /* Welcome */,
				C908B4D027F515C000AA17A0 /* AppDelegate.swift */,
				C908B4D227F515C000AA17A0 /* SceneDelegate.swift */,
				C908B4D427F515C000AA17A0 /* ViewController.swift */,
				C908B4D627F515C000AA17A0 /* Main.storyboard */,
				C908B4D927F515C500AA17A0 /* Assets.xcassets */,
				C908B4DB27F515C500AA17A0 /* LaunchScreen.storyboard */,
				C908B4DE27F515C500AA17A0 /* Info.plist */,
				C908B50127F541A700AA17A0 /* Localizable.strings */,
			);
			path = ViewCode2;
			sourceTree = "<group>";
		};
		C908B4E427F5165600AA17A0 /* Welcome */ = {
			isa = PBXGroup;
			children = (
				C908B4E627F5166A00AA17A0 /* Controller */,
				C908B4E527F5166300AA17A0 /* View */,
			);
			path = Welcome;
			sourceTree = "<group>";
		};
		C908B4E527F5166300AA17A0 /* View */ = {
			isa = PBXGroup;
			children = (
				C908B4EF27F5174900AA17A0 /* WelcomeView.swift */,
			);
			path = View;
			sourceTree = "<group>";
		};
		C908B4E627F5166A00AA17A0 /* Controller */ = {
			isa = PBXGroup;
			children = (
				C908B4EB27F516D600AA17A0 /* WelcomeViewController.swift */,
			);
			path = Controller;
			sourceTree = "<group>";
		};
		C908B4F127F51D4200AA17A0 /* Shared */ = {
			isa = PBXGroup;
			children = (
				C908B4F627F52D7600AA17A0 /* Components */,
				C908B4F527F52B9000AA17A0 /* View */,
				C908B4F227F51D5200AA17A0 /* Protocols */,
				C908B4F927F536DE00AA17A0 /* AppStyle.swift */,
			);
			path = Shared;
			sourceTree = "<group>";
		};
		C908B4F227F51D5200AA17A0 /* Protocols */ = {
			isa = PBXGroup;
			children = (
				C908B4F327F51D7800AA17A0 /* CodeView.swift */,
			);
			path = Protocols;
			sourceTree = "<group>";
		};
		C908B4F527F52B9000AA17A0 /* View */ = {
			isa = PBXGroup;
			children = (
			);
			path = View;
			sourceTree = "<group>";
		};
		C908B4F627F52D7600AA17A0 /* Components */ = {
			isa = PBXGroup;
			children = (
				C908B4F727F52D9E00AA17A0 /* AppButton.swift */,
			);
			path = Components;
			sourceTree = "<group>";
		};
/* End PBXGroup section */

/* Begin PBXNativeTarget section */
		C908B4CC27F515C000AA17A0 /* ViewCode2 */ = {
			isa = PBXNativeTarget;
			buildConfigurationList = C908B4E127F515C500AA17A0 /* Build configuration list for PBXNativeTarget "ViewCode2" */;
			buildPhases = (
				C908B4C927F515C000AA17A0 /* Sources */,
				C908B4CA27F515C000AA17A0 /* Frameworks */,
				C908B4CB27F515C000AA17A0 /* Resources */,
			);
			buildRules = (
			);
			dependencies = (
			);
			name = ViewCode2;
			productName = ViewCode2;
			productReference = C908B4CD27F515C000AA17A0 /* ViewCode2.app */;
			productType = "com.apple.product-type.application";
		};
/* End PBXNativeTarget section */

/* Begin PBXProject section */
		C908B4C527F515C000AA17A0 /* Project object */ = {
			isa = PBXProject;
			attributes = {
				BuildIndependentTargetsInParallel = 1;
				LastSwiftUpdateCheck = 1330;
				LastUpgradeCheck = 1330;
				TargetAttributes = {
					C908B4CC27F515C000AA17A0 = {
						CreatedOnToolsVersion = 13.3;
					};
				};
			};
			buildConfigurationList = C908B4C827F515C000AA17A0 /* Build configuration list for PBXProject "ViewCode2" */;
			compatibilityVersion = "Xcode 13.0";
			developmentRegion = en;
			hasScannedForEncodings = 0;
			knownRegions = (
				en,
				Base,
				"pt-BR",
			);
			mainGroup = C908B4C427F515C000AA17A0;
			productRefGroup = C908B4CE27F515C000AA17A0 /* Products */;
			projectDirPath = "";
			projectRoot = "";
			targets = (
				C908B4CC27F515C000AA17A0 /* ViewCode2 */,
			);
		};
/* End PBXProject section */

/* Begin PBXResourcesBuildPhase section */
		C908B4CB27F515C000AA17A0 /* Resources */ = {
			isa = PBXResourcesBuildPhase;
			buildActionMask = 2147483647;
			files = (
				C908B4DD27F515C500AA17A0 /* LaunchScreen.storyboard in Resources */,
				C908B4FF27F541A700AA17A0 /* Localizable.strings in Resources */,
				C908B4DA27F515C500AA17A0 /* Assets.xcassets in Resources */,
				C908B4D827F515C000AA17A0 /* Main.storyboard in Resources */,
			);
			runOnlyForDeploymentPostprocessing = 0;
		};
/* End PBXResourcesBuildPhase section */

/* Begin PBXSourcesBuildPhase section */
		C908B4C927F515C000AA17A0 /* Sources */ = {
			isa = PBXSourcesBuildPhase;
			buildActionMask = 2147483647;
			files = (
				C908B4F027F5174900AA17A0 /* WelcomeView.swift in Sources */,
				C908B4D527F515C000AA17A0 /* ViewController.swift in Sources */,
				C908B4EC27F516D600AA17A0 /* WelcomeViewController.swift in Sources */,
				C908B4FA27F536DE00AA17A0 /* AppStyle.swift in Sources */,
				C908B4F427F51D7800AA17A0 /* CodeView.swift in Sources */,
				C908B4D127F515C000AA17A0 /* AppDelegate.swift in Sources */,
				C908B4F827F52D9E00AA17A0 /* AppButton.swift in Sources */,
				C908B4D327F515C000AA17A0 /* SceneDelegate.swift in Sources */,
			);
			runOnlyForDeploymentPostprocessing = 0;
		};
/* End PBXSourcesBuildPhase section */

/* Begin PBXVariantGroup section */
		C908B4D627F515C000AA17A0 /* Main.storyboard */ = {
			isa = PBXVariantGroup;
			children = (
				C908B4D727F515C000AA17A0 /* Base */,
				C908B4FD27F5415600AA17A0 /* pt-BR */,
			);
			name = Main.storyboard;
			sourceTree = "<group>";
		};
		C908B4DB27F515C500AA17A0 /* LaunchScreen.storyboard */ = {
			isa = PBXVariantGroup;
			children = (
				C908B4DC27F515C500AA17A0 /* Base */,
				C908B4FE27F5415700AA17A0 /* pt-BR */,
			);
			name = LaunchScreen.storyboard;
			sourceTree = "<group>";
		};
		C908B50127F541A700AA17A0 /* Localizable.strings */ = {
			isa = PBXVariantGroup;
			children = (
				C908B50027F541A700AA17A0 /* en */,
				C908B50227F541BD00AA17A0 /* pt-BR */,
			);
			name = Localizable.strings;
			sourceTree = "<group>";
		};
/* End PBXVariantGroup section */

/* Begin XCBuildConfiguration section */
		C908B4DF27F515C500AA17A0 /* Debug */ = {
			isa = XCBuildConfiguration;
			buildSettings = {
				ALWAYS_SEARCH_USER_PATHS = NO;
				CLANG_ANALYZER_LOCALIZABILITY_NONLOCALIZED = YES;
				CLANG_ANALYZER_NONNULL = YES;
				CLANG_ANALYZER_NUMBER_OBJECT_CONVERSION = YES_AGGRESSIVE;
				CLANG_CXX_LANGUAGE_STANDARD = "gnu++17";
				CLANG_ENABLE_MODULES = YES;
				CLANG_ENABLE_OBJC_ARC = YES;
				CLANG_ENABLE_OBJC_WEAK = YES;
				CLANG_WARN_BLOCK_CAPTURE_AUTORELEASING = YES;
				CLANG_WARN_BOOL_CONVERSION = YES;
				CLANG_WARN_COMMA = YES;
				CLANG_WARN_CONSTANT_CONVERSION = YES;
				CLANG_WARN_DEPRECATED_OBJC_IMPLEMENTATIONS = YES;
				CLANG_WARN_DIRECT_OBJC_ISA_USAGE = YES_ERROR;
				CLANG_WARN_DOCUMENTATION_COMMENTS = YES;
				CLANG_WARN_EMPTY_BODY = YES;
				CLANG_WARN_ENUM_CONVERSION = YES;
				CLANG_WARN_INFINITE_RECURSION = YES;
				CLANG_WARN_INT_CONVERSION = YES;
				CLANG_WARN_NON_LITERAL_NULL_CONVERSION = YES;
				CLANG_WARN_OBJC_IMPLICIT_RETAIN_SELF = YES;
				CLANG_WARN_OBJC_LITERAL_CONVERSION = YES;
				CLANG_WARN_OBJC_ROOT_CLASS = YES_ERROR;
				CLANG_WARN_QUOTED_INCLUDE_IN_FRAMEWORK_HEADER = YES;
				CLANG_WARN_RANGE_LOOP_ANALYSIS = YES;
				CLANG_WARN_STRICT_PROTOTYPES = YES;
				CLANG_WARN_SUSPICIOUS_MOVE = YES;
				CLANG_WARN_UNGUARDED_AVAILABILITY = YES_AGGRESSIVE;
				CLANG_WARN_UNREACHABLE_CODE = YES;
				CLANG_WARN__DUPLICATE_METHOD_MATCH = YES;
				COPY_PHASE_STRIP = NO;
				DEBUG_INFORMATION_FORMAT = dwarf;
				ENABLE_STRICT_OBJC_MSGSEND = YES;
				ENABLE_TESTABILITY = YES;
				GCC_C_LANGUAGE_STANDARD = gnu11;
				GCC_DYNAMIC_NO_PIC = NO;
				GCC_NO_COMMON_BLOCKS = YES;
				GCC_OPTIMIZATION_LEVEL = 0;
				GCC_PREPROCESSOR_DEFINITIONS = (
					"DEBUG=1",
					"$(inherited)",
				);
				GCC_WARN_64_TO_32_BIT_CONVERSION = YES;
				GCC_WARN_ABOUT_RETURN_TYPE = YES_ERROR;
				GCC_WARN_UNDECLARED_SELECTOR = YES;
				GCC_WARN_UNINITIALIZED_AUTOS = YES_AGGRESSIVE;
				GCC_WARN_UNUSED_FUNCTION = YES;
				GCC_WARN_UNUSED_VARIABLE = YES;
				IPHONEOS_DEPLOYMENT_TARGET = 15.4;
				MTL_ENABLE_DEBUG_INFO = INCLUDE_SOURCE;
				MTL_FAST_MATH = YES;
				ONLY_ACTIVE_ARCH = YES;
				SDKROOT = iphoneos;
				SWIFT_ACTIVE_COMPILATION_CONDITIONS = DEBUG;
				SWIFT_OPTIMIZATION_LEVEL = "-Onone";
			};
			name = Debug;
		};
		C908B4E027F515C500AA17A0 /* Release */ = {
			isa = XCBuildConfiguration;
			buildSettings = {
				ALWAYS_SEARCH_USER_PATHS = NO;
				CLANG_ANALYZER_LOCALIZABILITY_NONLOCALIZED = YES;
				CLANG_ANALYZER_NONNULL = YES;
				CLANG_ANALYZER_NUMBER_OBJECT_CONVERSION = YES_AGGRESSIVE;
				CLANG_CXX_LANGUAGE_STANDARD = "gnu++17";
				CLANG_ENABLE_MODULES = YES;
				CLANG_ENABLE_OBJC_ARC = YES;
				CLANG_ENABLE_OBJC_WEAK = YES;
				CLANG_WARN_BLOCK_CAPTURE_AUTORELEASING = YES;
				CLANG_WARN_BOOL_CONVERSION = YES;
				CLANG_WARN_COMMA = YES;
				CLANG_WARN_CONSTANT_CONVERSION = YES;
				CLANG_WARN_DEPRECATED_OBJC_IMPLEMENTATIONS = YES;
				CLANG_WARN_DIRECT_OBJC_ISA_USAGE = YES_ERROR;
				CLANG_WARN_DOCUMENTATION_COMMENTS = YES;
				CLANG_WARN_EMPTY_BODY = YES;
				CLANG_WARN_ENUM_CONVERSION = YES;
				CLANG_WARN_INFINITE_RECURSION = YES;
				CLANG_WARN_INT_CONVERSION = YES;
				CLANG_WARN_NON_LITERAL_NULL_CONVERSION = YES;
				CLANG_WARN_OBJC_IMPLICIT_RETAIN_SELF = YES;
				CLANG_WARN_OBJC_LITERAL_CONVERSION = YES;
				CLANG_WARN_OBJC_ROOT_CLASS = YES_ERROR;
				CLANG_WARN_QUOTED_INCLUDE_IN_FRAMEWORK_HEADER = YES;
				CLANG_WARN_RANGE_LOOP_ANALYSIS = YES;
				CLANG_WARN_STRICT_PROTOTYPES = YES;
				CLANG_WARN_SUSPICIOUS_MOVE = YES;
				CLANG_WARN_UNGUARDED_AVAILABILITY = YES_AGGRESSIVE;
				CLANG_WARN_UNREACHABLE_CODE = YES;
				CLANG_WARN__DUPLICATE_METHOD_MATCH = YES;
				COPY_PHASE_STRIP = NO;
				DEBUG_INFORMATION_FORMAT = "dwarf-with-dsym";
				ENABLE_NS_ASSERTIONS = NO;
				ENABLE_STRICT_OBJC_MSGSEND = YES;
				GCC_C_LANGUAGE_STANDARD = gnu11;
				GCC_NO_COMMON_BLOCKS = YES;
				GCC_WARN_64_TO_32_BIT_CONVERSION = YES;
				GCC_WARN_ABOUT_RETURN_TYPE = YES_ERROR;
				GCC_WARN_UNDECLARED_SELECTOR = YES;
				GCC_WARN_UNINITIALIZED_AUTOS = YES_AGGRESSIVE;
				GCC_WARN_UNUSED_FUNCTION = YES;
				GCC_WARN_UNUSED_VARIABLE = YES;
				IPHONEOS_DEPLOYMENT_TARGET = 15.4;
				MTL_ENABLE_DEBUG_INFO = NO;
				MTL_FAST_MATH = YES;
				SDKROOT = iphoneos;
				SWIFT_COMPILATION_MODE = wholemodule;
				SWIFT_OPTIMIZATION_LEVEL = "-O";
				VALIDATE_PRODUCT = YES;
			};
			name = Release;
		};
		C908B4E227F515C500AA17A0 /* Debug */ = {
			isa = XCBuildConfiguration;
			buildSettings = {
				ASSETCATALOG_COMPILER_APPICON_NAME = AppIcon;
				ASSETCATALOG_COMPILER_GLOBAL_ACCENT_COLOR_NAME = AccentColor;
				CODE_SIGN_STYLE = Automatic;
				CURRENT_PROJECT_VERSION = 1;
				GENERATE_INFOPLIST_FILE = YES;
				INFOPLIST_FILE = ViewCode2/Info.plist;
				INFOPLIST_KEY_UIApplicationSupportsIndirectInputEvents = YES;
				INFOPLIST_KEY_UILaunchStoryboardName = LaunchScreen;
				INFOPLIST_KEY_UIMainStoryboardFile = Main;
				INFOPLIST_KEY_UISupportedInterfaceOrientations_iPad = "UIInterfaceOrientationPortrait UIInterfaceOrientationPortraitUpsideDown UIInterfaceOrientationLandscapeLeft UIInterfaceOrientationLandscapeRight";
				INFOPLIST_KEY_UISupportedInterfaceOrientations_iPhone = "UIInterfaceOrientationPortrait UIInterfaceOrientationLandscapeLeft UIInterfaceOrientationLandscapeRight";
				LD_RUNPATH_SEARCH_PATHS = (
					"$(inherited)",
					"@executable_path/Frameworks",
				);
				MARKETING_VERSION = 1.0;
				PRODUCT_BUNDLE_IDENTIFIER = br.com.quanticheart.ViewCode2;
				PRODUCT_NAME = "$(TARGET_NAME)";
				SWIFT_EMIT_LOC_STRINGS = YES;
				SWIFT_VERSION = 5.0;
				TARGETED_DEVICE_FAMILY = "1,2";
			};
			name = Debug;
		};
		C908B4E327F515C500AA17A0 /* Release */ = {
			isa = XCBuildConfiguration;
			buildSettings = {
				ASSETCATALOG_COMPILER_APPICON_NAME = AppIcon;
				ASSETCATALOG_COMPILER_GLOBAL_ACCENT_COLOR_NAME = AccentColor;
				CODE_SIGN_STYLE = Automatic;
				CURRENT_PROJECT_VERSION = 1;
				GENERATE_INFOPLIST_FILE = YES;
				INFOPLIST_FILE = ViewCode2/Info.plist;
				INFOPLIST_KEY_UIApplicationSupportsIndirectInputEvents = YES;
				INFOPLIST_KEY_UILaunchStoryboardName = LaunchScreen;
				INFOPLIST_KEY_UIMainStoryboardFile = Main;
				INFOPLIST_KEY_UISupportedInterfaceOrientations_iPad = "UIInterfaceOrientationPortrait UIInterfaceOrientationPortraitUpsideDown UIInterfaceOrientationLandscapeLeft UIInterfaceOrientationLandscapeRight";
				INFOPLIST_KEY_UISupportedInterfaceOrientations_iPhone = "UIInterfaceOrientationPortrait UIInterfaceOrientationLandscapeLeft UIInterfaceOrientationLandscapeRight";
				LD_RUNPATH_SEARCH_PATHS = (
					"$(inherited)",
					"@executable_path/Frameworks",
				);
				MARKETING_VERSION = 1.0;
				PRODUCT_BUNDLE_IDENTIFIER = br.com.quanticheart.ViewCode2;
				PRODUCT_NAME = "$(TARGET_NAME)";
				SWIFT_EMIT_LOC_STRINGS = YES;
				SWIFT_VERSION = 5.0;
				TARGETED_DEVICE_FAMILY = "1,2";
			};
			name = Release;
		};
/* End XCBuildConfiguration section */

/* Begin XCConfigurationList section */
		C908B4C827F515C000AA17A0 /* Build configuration list for PBXProject "ViewCode2" */ = {
			isa = XCConfigurationList;
			buildConfigurations = (
				C908B4DF27F515C500AA17A0 /* Debug */,
				C908B4E027F515C500AA17A0 /* Release */,
			);
			defaultConfigurationIsVisible = 0;
			defaultConfigurationName = Release;
		};
		C908B4E127F515C500AA17A0 /* Build configuration list for PBXNativeTarget "ViewCode2" */ = {
			isa = XCConfigurationList;
			buildConfigurations = (
				C908B4E227F515C500AA17A0 /* Debug */,
				C908B4E327F515C500AA17A0 /* Release */,
			);
			defaultConfigurationIsVisible = 0;
			defaultConfigurationName = Release;
		};
/* End XCConfigurationList section */
	};
	rootObject = C908B4C527F515C000AA17A0 /* Project object */;
}
